// !$*UTF8*$!
{
	archiveVersion = 1;
	classes = {
	};
	objectVersion = 46;
	objects = {

/* Begin PBXBuildFile section */
		3A9D1789F688B1E26065DECC /* libPods-Blocker.a in Frameworks */ = {isa = PBXBuildFile; fileRef = D84D49D135D755226F639AFE /* libPods-Blocker.a */; };
		6E52AC121F68365B00D4A413 /* main.m in Sources */ = {isa = PBXBuildFile; fileRef = 6E52AC111F68365B00D4A413 /* main.m */; };
		6E52AC151F68365B00D4A413 /* AppDelegate.m in Sources */ = {isa = PBXBuildFile; fileRef = 6E52AC141F68365B00D4A413 /* AppDelegate.m */; };
		6E52AC181F68365B00D4A413 /* ViewController.m in Sources */ = {isa = PBXBuildFile; fileRef = 6E52AC171F68365B00D4A413 /* ViewController.m */; };
		6E52AC1B1F68365B00D4A413 /* Main.storyboard in Resources */ = {isa = PBXBuildFile; fileRef = 6E52AC191F68365B00D4A413 /* Main.storyboard */; };
		6E52AC1D1F68365B00D4A413 /* Assets.xcassets in Resources */ = {isa = PBXBuildFile; fileRef = 6E52AC1C1F68365B00D4A413 /* Assets.xcassets */; };
		6E52AC201F68365B00D4A413 /* LaunchScreen.storyboard in Resources */ = {isa = PBXBuildFile; fileRef = 6E52AC1E1F68365B00D4A413 /* LaunchScreen.storyboard */; };
		6E52AC281F6836E300D4A413 /* www in Resources */ = {isa = PBXBuildFile; fileRef = 6E52AC271F6836E300D4A413 /* www */; };
/* End PBXBuildFile section */

/* Begin PBXFileReference section */
		025DC209937CDB7C473D672D /* Pods-Blocker.debug.xcconfig */ = {isa = PBXFileReference; includeInIndex = 1; lastKnownFileType = text.xcconfig; name = "Pods-Blocker.debug.xcconfig"; path = "Pods/Target Support Files/Pods-Blocker/Pods-Blocker.debug.xcconfig"; sourceTree = "<group>"; };
		6E52AC0D1F68365B00D4A413 /* Blocker.app */ = {isa = PBXFileReference; explicitFileType = wrapper.application; includeInIndex = 0; path = Blocker.app; sourceTree = BUILT_PRODUCTS_DIR; };
		6E52AC111F68365B00D4A413 /* main.m */ = {isa = PBXFileReference; lastKnownFileType = sourcecode.c.objc; path = main.m; sourceTree = "<group>"; };
		6E52AC131F68365B00D4A413 /* AppDelegate.h */ = {isa = PBXFileReference; lastKnownFileType = sourcecode.c.h; path = AppDelegate.h; sourceTree = "<group>"; };
		6E52AC141F68365B00D4A413 /* AppDelegate.m */ = {isa = PBXFileReference; lastKnownFileType = sourcecode.c.objc; path = AppDelegate.m; sourceTree = "<group>"; };
		6E52AC161F68365B00D4A413 /* ViewController.h */ = {isa = PBXFileReference; lastKnownFileType = sourcecode.c.h; path = ViewController.h; sourceTree = "<group>"; };
		6E52AC171F68365B00D4A413 /* ViewController.m */ = {isa = PBXFileReference; lastKnownFileType = sourcecode.c.objc; path = ViewController.m; sourceTree = "<group>"; };
		6E52AC1A1F68365B00D4A413 /* Base */ = {isa = PBXFileReference; lastKnownFileType = file.storyboard; name = Base; path = Base.lproj/Main.storyboard; sourceTree = "<group>"; };
		6E52AC1C1F68365B00D4A413 /* Assets.xcassets */ = {isa = PBXFileReference; lastKnownFileType = folder.assetcatalog; path = Assets.xcassets; sourceTree = "<group>"; };
		6E52AC1F1F68365B00D4A413 /* Base */ = {isa = PBXFileReference; lastKnownFileType = file.storyboard; name = Base; path = Base.lproj/LaunchScreen.storyboard; sourceTree = "<group>"; };
		6E52AC211F68365B00D4A413 /* Info.plist */ = {isa = PBXFileReference; lastKnownFileType = text.plist.xml; path = Info.plist; sourceTree = "<group>"; };
		6E52AC271F6836E300D4A413 /* www */ = {isa = PBXFileReference; lastKnownFileType = folder; path = www; sourceTree = "<group>"; };
		D84D49D135D755226F639AFE /* libPods-Blocker.a */ = {isa = PBXFileReference; explicitFileType = archive.ar; includeInIndex = 0; path = "libPods-Blocker.a"; sourceTree = BUILT_PRODUCTS_DIR; };
		FF40AF7DFB962E59354D9E59 /* Pods-Blocker.release.xcconfig */ = {isa = PBXFileReference; includeInIndex = 1; lastKnownFileType = text.xcconfig; name = "Pods-Blocker.release.xcconfig"; path = "Pods/Target Support Files/Pods-Blocker/Pods-Blocker.release.xcconfig"; sourceTree = "<group>"; };
/* End PBXFileReference section */

/* Begin PBXFrameworksBuildPhase section */
		6E52AC0A1F68365B00D4A413 /* Frameworks */ = {
			isa = PBXFrameworksBuildPhase;
			buildActionMask = 2147483647;
			files = (
				3A9D1789F688B1E26065DECC /* libPods-Blocker.a in Frameworks */,
			);
			runOnlyForDeploymentPostprocessing = 0;
		};
/* End PBXFrameworksBuildPhase section */

/* Begin PBXGroup section */
		1A3C3AB7B1F7BCF78A124D69 /* Frameworks */ = {
			isa = PBXGroup;
			children = (
				D84D49D135D755226F639AFE /* libPods-Blocker.a */,
			);
			name = Frameworks;
			sourceTree = "<group>";
		};
		6E52AC041F68365B00D4A413 = {
			isa = PBXGroup;
			children = (
				6E52AC0F1F68365B00D4A413 /* Blocker */,
				6E52AC0E1F68365B00D4A413 /* Products */,
				B3A7977B91E39E9C780AE9F6 /* Pods */,
				1A3C3AB7B1F7BCF78A124D69 /* Frameworks */,
			);
			sourceTree = "<group>";
		};
		6E52AC0E1F68365B00D4A413 /* Products */ = {
			isa = PBXGroup;
			children = (
				6E52AC0D1F68365B00D4A413 /* Blocker.app */,
			);
			name = Products;
			sourceTree = "<group>";
		};
		6E52AC0F1F68365B00D4A413 /* Blocker */ = {
			isa = PBXGroup;
			children = (
				6E52AC271F6836E300D4A413 /* www */,
				6E52AC131F68365B00D4A413 /* AppDelegate.h */,
				6E52AC141F68365B00D4A413 /* AppDelegate.m */,
				6E52AC161F68365B00D4A413 /* ViewController.h */,
				6E52AC171F68365B00D4A413 /* ViewController.m */,
				6E52AC191F68365B00D4A413 /* Main.storyboard */,
				6E52AC1C1F68365B00D4A413 /* Assets.xcassets */,
				6E52AC1E1F68365B00D4A413 /* LaunchScreen.storyboard */,
				6E52AC211F68365B00D4A413 /* Info.plist */,
				6E52AC101F68365B00D4A413 /* Supporting Files */,
			);
			path = Blocker;
			sourceTree = "<group>";
		};
		6E52AC101F68365B00D4A413 /* Supporting Files */ = {
			isa = PBXGroup;
			children = (
				6E52AC111F68365B00D4A413 /* main.m */,
			);
			name = "Supporting Files";
			sourceTree = "<group>";
		};
		B3A7977B91E39E9C780AE9F6 /* Pods */ = {
			isa = PBXGroup;
			children = (
				025DC209937CDB7C473D672D /* Pods-Blocker.debug.xcconfig */,
				FF40AF7DFB962E59354D9E59 /* Pods-Blocker.release.xcconfig */,
			);
			name = Pods;
			sourceTree = "<group>";
		};
/* End PBXGroup section */

/* Begin PBXNativeTarget section */
		6E52AC0C1F68365B00D4A413 /* Blocker */ = {
			isa = PBXNativeTarget;
			buildConfigurationList = 6E52AC241F68365B00D4A413 /* Build configuration list for PBXNativeTarget "Blocker" */;
			buildPhases = (
				D9FC79606F49CCD48ED84DF3 /* [CP] Check Pods Manifest.lock */,
				6E52AC091F68365B00D4A413 /* Sources */,
				6E52AC0A1F68365B00D4A413 /* Frameworks */,
				6E52AC0B1F68365B00D4A413 /* Resources */,
				1E2AB54F984313F1EFF995EC /* [CP] Embed Pods Frameworks */,
				C03BF0E2622F8D90DA7B3389 /* [CP] Copy Pods Resources */,
			);
			buildRules = (
			);
			dependencies = (
			);
			name = Blocker;
			productName = Blocker;
			productReference = 6E52AC0D1F68365B00D4A413 /* Blocker.app */;
			productType = "com.apple.product-type.application";
		};
/* End PBXNativeTarget section */

/* Begin PBXProject section */
		6E52AC051F68365B00D4A413 /* Project object */ = {
			isa = PBXProject;
			attributes = {
				LastUpgradeCheck = 0830;
				ORGANIZATIONNAME = "Tuan Vu";
				TargetAttributes = {
					6E52AC0C1F68365B00D4A413 = {
						CreatedOnToolsVersion = 8.3.3;
						DevelopmentTeam = XY29E79Z8X;
						ProvisioningStyle = Automatic;
					};
				};
			};
			buildConfigurationList = 6E52AC081F68365B00D4A413 /* Build configuration list for PBXProject "Blocker" */;
			compatibilityVersion = "Xcode 3.2";
			developmentRegion = English;
			hasScannedForEncodings = 0;
			knownRegions = (
				en,
				Base,
			);
			mainGroup = 6E52AC041F68365B00D4A413;
			productRefGroup = 6E52AC0E1F68365B00D4A413 /* Products */;
			projectDirPath = "";
			projectRoot = "";
			targets = (
				6E52AC0C1F68365B00D4A413 /* Blocker */,
			);
		};
/* End PBXProject section */

/* Begin PBXResourcesBuildPhase section */
		6E52AC0B1F68365B00D4A413 /* Resources */ = {
			isa = PBXResourcesBuildPhase;
			buildActionMask = 2147483647;
			files = (
				6E52AC281F6836E300D4A413 /* www in Resources */,
				6E52AC201F68365B00D4A413 /* LaunchScreen.storyboard in Resources */,
				6E52AC1D1F68365B00D4A413 /* Assets.xcassets in Resources */,
				6E52AC1B1F68365B00D4A413 /* Main.storyboard in Resources */,
			);
			runOnlyForDeploymentPostprocessing = 0;
		};
/* End PBXResourcesBuildPhase section */

/* Begin PBXShellScriptBuildPhase section */
		1E2AB54F984313F1EFF995EC /* [CP] Embed Pods Frameworks */ = {
			isa = PBXShellScriptBuildPhase;
			buildActionMask = 2147483647;
			files = (
			);
			inputPaths = (
			);
			name = "[CP] Embed Pods Frameworks";
			outputPaths = (
			);
			runOnlyForDeploymentPostprocessing = 0;
			shellPath = /bin/sh;
			shellScript = "\"${SRCROOT}/Pods/Target Support Files/Pods-Blocker/Pods-Blocker-frameworks.sh\"\n";
			showEnvVarsInLog = 0;
		};
		C03BF0E2622F8D90DA7B3389 /* [CP] Copy Pods Resources */ = {
			isa = PBXShellScriptBuildPhase;
			buildActionMask = 2147483647;
			files = (
			);
			inputPaths = (
			);
			name = "[CP] Copy Pods Resources";
			outputPaths = (
			);
			runOnlyForDeploymentPostprocessing = 0;
			shellPath = /bin/sh;
			shellScript = "\"${SRCROOT}/Pods/Target Support Files/Pods-Blocker/Pods-Blocker-resources.sh\"\n";
			showEnvVarsInLog = 0;
		};
		D9FC79606F49CCD48ED84DF3 /* [CP] Check Pods Manifest.lock */ = {
			isa = PBXShellScriptBuildPhase;
			buildActionMask = 2147483647;
			files = (
			);
			inputPaths = (
			);
			name = "[CP] Check Pods Manifest.lock";
			outputPaths = (
			);
			runOnlyForDeploymentPostprocessing = 0;
			shellPath = /bin/sh;
			shellScript = "diff \"${PODS_ROOT}/../Podfile.lock\" \"${PODS_ROOT}/Manifest.lock\" > /dev/null\nif [ $? != 0 ] ; then\n    # print error to STDERR\n    echo \"error: The sandbox is not in sync with the Podfile.lock. Run 'pod install' or update your CocoaPods installation.\" >&2\n    exit 1\nfi\n";
			showEnvVarsInLog = 0;
		};
/* End PBXShellScriptBuildPhase section */

/* Begin PBXSourcesBuildPhase section */
		6E52AC091F68365B00D4A413 /* Sources */ = {
			isa = PBXSourcesBuildPhase;
			buildActionMask = 2147483647;
			files = (
				6E52AC181F68365B00D4A413 /* ViewController.m in Sources */,
				6E52AC151F68365B00D4A413 /* AppDelegate.m in Sources */,
				6E52AC121F68365B00D4A413 /* main.m in Sources */,
			);
			runOnlyForDeploymentPostprocessing = 0;
		};
/* End PBXSourcesBuildPhase section */

/* Begin PBXVariantGroup section */
		6E52AC191F68365B00D4A413 /* Main.storyboard */ = {
			isa = PBXVariantGroup;
			children = (
				6E52AC1A1F68365B00D4A413 /* Base */,
			);
			name = Main.storyboard;
			sourceTree = "<group>";
		};
		6E52AC1E1F68365B00D4A413 /* LaunchScreen.storyboard */ = {
			isa = PBXVariantGroup;
			children = (
				6E52AC1F1F68365B00D4A413 /* Base */,
			);
			name = LaunchScreen.storyboard;
			sourceTree = "<group>";
		};
/* End PBXVariantGroup section */

/* Begin XCBuildConfiguration section */
		6E52AC221F68365B00D4A413 /* Debug */ = {
			isa = XCBuildConfiguration;
			buildSettings = {
				ALWAYS_SEARCH_USER_PATHS = NO;
				CLANG_ANALYZER_NONNULL = YES;
				CLANG_ANALYZER_NUMBER_OBJECT_CONVERSION = YES_AGGRESSIVE;
				CLANG_CXX_LANGUAGE_STANDARD = "gnu++0x";
				CLANG_CXX_LIBRARY = "libc++";
				CLANG_ENABLE_MODULES = YES;
				CLANG_ENABLE_OBJC_ARC = YES;
				CLANG_WARN_BOOL_CONVERSION = YES;
				CLANG_WARN_CONSTANT_CONVERSION = YES;
				CLANG_WARN_DIRECT_OBJC_ISA_USAGE = YES_ERROR;
				CLANG_WARN_DOCUMENTATION_COMMENTS = YES;
				CLANG_WARN_EMPTY_BODY = YES;
				CLANG_WARN_ENUM_CONVERSION = YES;
				CLANG_WARN_INFINITE_RECURSION = YES;
				CLANG_WARN_INT_CONVERSION = YES;
				CLANG_WARN_OBJC_ROOT_CLASS = YES_ERROR;
				CLANG_WARN_SUSPICIOUS_MOVE = YES;
				CLANG_WARN_UNREACHABLE_CODE = YES;
				CLANG_WARN__DUPLICATE_METHOD_MATCH = YES;
				"CODE_SIGN_IDENTITY[sdk=iphoneos*]" = "iPhone Developer";
				COPY_PHASE_STRIP = NO;
				DEBUG_INFORMATION_FORMAT = dwarf;
				ENABLE_STRICT_OBJC_MSGSEND = YES;
				ENABLE_TESTABILITY = YES;
				GCC_C_LANGUAGE_STANDARD = gnu99;
				GCC_DYNAMIC_NO_PIC = NO;
				GCC_NO_COMMON_BLOCKS = YES;
				GCC_OPTIMIZATION_LEVEL = 0;
				GCC_PREPROCESSOR_DEFINITIONS = (
					"DEBUG=1",
					"$(inherited)",
				);
				GCC_WARN_64_TO_32_BIT_CONVERSION = YES;
				GCC_WARN_ABOUT_RETURN_TYPE = YES_ERROR;
				GCC_WARN_UNDECLARED_SELECTOR = YES;
				GCC_WARN_UNINITIALIZED_AUTOS = YES_AGGRESSIVE;
				GCC_WARN_UNUSED_FUNCTION = YES;
				GCC_WARN_UNUSED_VARIABLE = YES;
				IPHONEOS_DEPLOYMENT_TARGET = 10.3;
				MTL_ENABLE_DEBUG_INFO = YES;
				ONLY_ACTIVE_ARCH = YES;
				SDKROOT = iphoneos;
				TARGETED_DEVICE_FAMILY = "1,2";
			};
			name = Debug;
		};
		6E52AC231F68365B00D4A413 /* Release */ = {
			isa = XCBuildConfiguration;
			buildSettings = {
				ALWAYS_SEARCH_USER_PATHS = NO;
				CLANG_ANALYZER_NONNULL = YES;
				CLANG_ANALYZER_NUMBER_OBJECT_CONVERSION = YES_AGGRESSIVE;
				CLANG_CXX_LANGUAGE_STANDARD = "gnu++0x";
				CLANG_CXX_LIBRARY = "libc++";
				CLANG_ENABLE_MODULES = YES;
				CLANG_ENABLE_OBJC_ARC = YES;
				CLANG_WARN_BOOL_CONVERSION = YES;
				CLANG_WARN_CONSTANT_CONVERSION = YES;
				CLANG_WARN_DIRECT_OBJC_ISA_USAGE = YES_ERROR;
				CLANG_WARN_DOCUMENTATION_COMMENTS = YES;
				CLANG_WARN_EMPTY_BODY = YES;
				CLANG_WARN_ENUM_CONVERSION = YES;
				CLANG_WARN_INFINITE_RECURSION = YES;
				CLANG_WARN_INT_CONVERSION = YES;
				CLANG_WARN_OBJC_ROOT_CLASS = YES_ERROR;
				CLANG_WARN_SUSPICIOUS_MOVE = YES;
				CLANG_WARN_UNREACHABLE_CODE = YES;
				CLANG_WARN__DUPLICATE_METHOD_MATCH = YES;
				"CODE_SIGN_IDENTITY[sdk=iphoneos*]" = "iPhone Developer";
				COPY_PHASE_STRIP = NO;
				DEBUG_INFORMATION_FORMAT = "dwarf-with-dsym";
				ENABLE_NS_ASSERTIONS = NO;
				ENABLE_STRICT_OBJC_MSGSEND = YES;
				GCC_C_LANGUAGE_STANDARD = gnu99;
				GCC_NO_COMMON_BLOCKS = YES;
				GCC_WARN_64_TO_32_BIT_CONVERSION = YES;
				GCC_WARN_ABOUT_RETURN_TYPE = YES_ERROR;
				GCC_WARN_UNDECLARED_SELECTOR = YES;
				GCC_WARN_UNINITIALIZED_AUTOS = YES_AGGRESSIVE;
				GCC_WARN_UNUSED_FUNCTION = YES;
				GCC_WARN_UNUSED_VARIABLE = YES;
				IPHONEOS_DEPLOYMENT_TARGET = 10.3;
				MTL_ENABLE_DEBUG_INFO = NO;
				SDKROOT = iphoneos;
				TARGETED_DEVICE_FAMILY = "1,2";
				VALIDATE_PRODUCT = YES;
			};
			name = Release;
		};
		6E52AC251F68365B00D4A413 /* Debug */ = {
			isa = XCBuildConfiguration;
			baseConfigurationReference = 025DC209937CDB7C473D672D /* Pods-Blocker.debug.xcconfig */;
			buildSettings = {
				ASSETCATALOG_COMPILER_APPICON_NAME = AppIcon;
				ASSETCATALOG_COMPILER_LAUNCHIMAGE_NAME = LaunchImage;
				DEVELOPMENT_TEAM = XY29E79Z8X;
				INFOPLIST_FILE = Blocker/Info.plist;
				LD_RUNPATH_SEARCH_PATHS = "$(inherited) @executable_path/Frameworks";
				PRODUCT_BUNDLE_IDENTIFIER = vn.higamestudio.oceanar.Blocker;
				PRODUCT_NAME = "$(TARGET_NAME)";
				TARGETED_DEVICE_FAMILY = "1,2";
			};
			name = Debug;
		};
		6E52AC261F68365B00D4A413 /* Release */ = {
			isa = XCBuildConfiguration;
			baseConfigurationReference = FF40AF7DFB962E59354D9E59 /* Pods-Blocker.release.xcconfig */;
			buildSettings = {
				ASSETCATALOG_COMPILER_APPICON_NAME = AppIcon;
				ASSETCATALOG_COMPILER_LAUNCHIMAGE_NAME = LaunchImage;
				DEVELOPMENT_TEAM = XY29E79Z8X;
				INFOPLIST_FILE = Blocker/Info.plist;
				LD_RUNPATH_SEARCH_PATHS = "$(inherited) @executable_path/Frameworks";
				PRODUCT_BUNDLE_IDENTIFIER = vn.higamestudio.oceanar.Blocker;
				PRODUCT_NAME = "$(TARGET_NAME)";
				TARGETED_DEVICE_FAMILY = "1,2";
			};
			name = Release;
		};
/* End XCBuildConfiguration section */

/* Begin XCConfigurationList section */
		6E52AC081F68365B00D4A413 /* Build configuration list for PBXProject "Blocker" */ = {
			isa = XCConfigurationList;
			buildConfigurations = (
				6E52AC221F68365B00D4A413 /* Debug */,
				6E52AC231F68365B00D4A413 /* Release */,
			);
			defaultConfigurationIsVisible = 0;
			defaultConfigurationName = Release;
		};
		6E52AC241F68365B00D4A413 /* Build configuration list for PBXNativeTarget "Blocker" */ = {
			isa = XCConfigurationList;
			buildConfigurations = (
				6E52AC251F68365B00D4A413 /* Debug */,
				6E52AC261F68365B00D4A413 /* Release */,
			);
			defaultConfigurationIsVisible = 0;
			defaultConfigurationName = Release;
		};
/* End XCConfigurationList section */
	};
	rootObject = 6E52AC051F68365B00D4A413 /* Project object */;
}
